<Solution>
  <Folder Name="/src/">
    <Project Path="src/Sable.Ai.Comfy/Sable.Ai.Comfy.csproj" />
    <Project Path="src/Sable.Ai.Sidecar/Sable.Ai.Sidecar.csproj" />
    <Project Path="src/Sable.Ai/Sable.Ai.csproj" />
    <Project Path="src/Sable.App/Sable.App.csproj" />
    <Project Path="src/Sable.Canvas/Sable.Canvas.csproj" />
    <Project Path="src/Sable.Core/Sable.Core.csproj" />
    <Project Path="src/Sable.Engine/Sable.Engine.csproj" />
    <Project Path="src/Sable.Format/Sable.Format.csproj" />
    <Project Path="src/Sable.Gpu.Spike/Sable.Gpu.Spike.csproj" />
    <Project Path="src/Sable.Gpu/Sable.Gpu.csproj" />
    <Project Path="src/Sable.Imaging/Sable.Imaging.csproj" />
    <Project Path="src/Sable.Plugin.Sdk/Sable.Plugin.Sdk.csproj" />
    <Project Path="src/Sable.Plugins/Sable.Plugins.csproj" />
    <Project Path="src/Sable.Plugins.Engine/Sable.Plugins.Engine.csproj" />
    <Project Path="src/Sable.Tools/Sable.Tools.csproj" />
    <Project Path="src/Sable.UI/Sable.UI.csproj" />
  </Folder>
  <Folder Name="/samples/">
    <Project Path="samples/Sable.SamplePlugin/Sable.SamplePlugin.csproj" />
  </Folder>
  <Folder Name="/tests/">
    <Project Path="tests/Sable.Tests/Sable.Tests.csproj" />
  </Folder>
</Solution>
